github.com/DATA-DOG/go-sqlmock v1.5.0 h1:Shsta01QNfFxHCfpW6YH2STWB0MudeXXEWMr20OEh60=
github.com/davecgh/go-spew v1.1.1 h1:vj9j/u1bqnvCEfJOwUhtlOARqs3+rkHYY13jYWTU97c=
github.com/pmezard/go-difflib v1.0.0 h1:4DBwDE0NGyQoBHbLQYPwSUPoCMWR5BEzIk/f1lZbAQM=
github.com/rockwell-uk/shapefile v0.0.0-20230120110033-224531009f22 h1:Vlxf64A/qD0bwi0LtmiyC+CTGcqohbhdIdufZEw0MzY=
github.com/rockwell-uk/shapefile v0.0.0-20230120110033-224531009f22/go.mod h1:3yAchDf1V+MtUTwHtzuPTsp1K8D6kuvmedpWo6HSDfk=
github.com/stretchr/testify v1.8.1 h1:w7B6lhMri9wdJUVmEZPGGhZzrYTPvgJArz7wNPgYKsk=
github.com/twpayne/go-geom v1.5.1 h1:8MmGNqjDaepxHqA2/J2AftwxKzzCXmQx1gX+syYctyA=
github.com/twpayne/go-geom v1.5.1/go.mod h1:Ixuwq8wG6UqI/udYOkKFHJIktCHN0yCozVDng4rYQUQ=
gopkg.in/yaml.v3 v3.0.1 h1:fxVm/GzAzEWqLHuvctI91KS9hhNmmWOoWu0XTYJS7CA=
